
Microsoft Visual Studio Solution File, Format Version 12.00
# Visual Studio Version 17
VisualStudioVersion = 17.0.32112.339
MinimumVisualStudioVersion = 10.0.40219.1
Project("{FAE04EC0-301F-11D3-BF4B-00C04F79EFBC}") = "4RTools", "4RTools.csproj", "{A7D78B00-6CE1-4B4D-90A3-1D2E93C7F68A}"
EndProject
Global
	GlobalSection(SolutionConfigurationPlatforms) = preSolution
		Debug|Any CPU = Debug|Any CPU
		Release|Any CPU = Release|Any CPU
	EndGlobalSection
	GlobalSection(ProjectConfigurationPlatforms) = postSolution
		{A7D78B00-6CE1-4B4D-90A3-1D2E93C7F68A}.Debug|Any CPU.ActiveCfg = Debug|Any CPU
		{A7D78B00-6CE1-4B4D-90A3-1D2E93C7F68A}.Debug|Any CPU.Build.0 = Debug|Any CPU
		{A7D78B00-6CE1-4B4D-90A3-1D2E93C7F68A}.Release|Any CPU.ActiveCfg = Release|Any CPU
		{A7D78B00-6CE1-4B4D-90A3-1D2E93C7F68A}.Release|Any CPU.Build.0 = Release|Any CPU
	EndGlobalSection
	GlobalSection(SolutionProperties) = preSolution
		HideSolutionNode = FALSE
	EndGlobalSection
	GlobalSection(ExtensibilityGlobals) = postSolution
		SolutionGuid = {73867649-1922-4374-9A70-AB355692CB36}
	EndGlobalSection
EndGlobal
